
Microsoft Visual Studio Solution File, Format Version 11.00
# Visual Studio 2010
Project("{FAE04EC0-301F-11D3-BF4B-00C04F79EFBC}") = "cardGameUnity", "Assembly-CSharp.csproj", "{ACC7A853-7FEC-F516-85EE-EDA709DBC469}"
EndProject
Global
	GlobalSection(SolutionConfigurationPlatforms) = preSolution
		Debug|Any CPU = Debug|Any CPU
		Release|Any CPU = Release|Any CPU
	EndGlobalSection
	GlobalSection(ProjectConfigurationPlatforms) = postSolution
		{ACC7A853-7FEC-F516-85EE-EDA709DBC469}.Debug|Any CPU.ActiveCfg = Debug|Any CPU
		{ACC7A853-7FEC-F516-85EE-EDA709DBC469}.Debug|Any CPU.Build.0 = Debug|Any CPU
		{ACC7A853-7FEC-F516-85EE-EDA709DBC469}.Release|Any CPU.ActiveCfg = Release|Any CPU
		{ACC7A853-7FEC-F516-85EE-EDA709DBC469}.Release|Any CPU.Build.0 = Release|Any CPU
	EndGlobalSection
	GlobalSection(SolutionProperties) = preSolution
		HideSolutionNode = FALSE
	EndGlobalSection
	GlobalSection(MonoDevelopProperties) = preSolution
		StartupItem = Assembly-CSharp.csproj
	EndGlobalSection
EndGlobal
